
Microsoft Visual Studio Solution File, Format Version 12.00
Project("{F2A71F9B-5D33-465A-A702-920D77279786}") = "adv_fs", "adv_fs.fsproj", "{3E5B2285-C55A-4468-9155-C7AF8C552134}"
EndProject
Project("{F2A71F9B-5D33-465A-A702-920D77279786}") = "Puz", "..\Puz\Puz.fsproj", "{A7C737CC-4329-487C-9C37-3592FBDB3C1B}"
EndProject
Global
	GlobalSection(SolutionConfigurationPlatforms) = preSolution
		Debug|Any CPU = Debug|Any CPU
		Release|Any CPU = Release|Any CPU
	EndGlobalSection
	GlobalSection(ProjectConfigurationPlatforms) = postSolution
		{3E5B2285-C55A-4468-9155-C7AF8C552134}.Debug|Any CPU.ActiveCfg = Debug|Any CPU
		{3E5B2285-C55A-4468-9155-C7AF8C552134}.Debug|Any CPU.Build.0 = Debug|Any CPU
		{3E5B2285-C55A-4468-9155-C7AF8C552134}.Release|Any CPU.ActiveCfg = Release|Any CPU
		{3E5B2285-C55A-4468-9155-C7AF8C552134}.Release|Any CPU.Build.0 = Release|Any CPU
		{A7C737CC-4329-487C-9C37-3592FBDB3C1B}.Debug|Any CPU.ActiveCfg = Debug|Any CPU
		{A7C737CC-4329-487C-9C37-3592FBDB3C1B}.Debug|Any CPU.Build.0 = Debug|Any CPU
		{A7C737CC-4329-487C-9C37-3592FBDB3C1B}.Release|Any CPU.ActiveCfg = Release|Any CPU
		{A7C737CC-4329-487C-9C37-3592FBDB3C1B}.Release|Any CPU.Build.0 = Release|Any CPU
	EndGlobalSection
EndGlobal
